
Microsoft Visual Studio Solution File, Format Version 12.00
# Visual Studio Version 17
VisualStudioVersion = 17.6.33801.468
MinimumVisualStudioVersion = 10.0.40219.1
Project("{FAE04EC0-301F-11D3-BF4B-00C04F79EFBC}") = "Ciclos While y Do While", "Ciclos While y Do While.csproj", "{AC53249A-DADE-4887-98FC-CF7027F1947B}"
EndProject
Global
	GlobalSection(SolutionConfigurationPlatforms) = preSolution
		Debug|Any CPU = Debug|Any CPU
		Release|Any CPU = Release|Any CPU
	EndGlobalSection
	GlobalSection(ProjectConfigurationPlatforms) = postSolution
		{AC53249A-DADE-4887-98FC-CF7027F1947B}.Debug|Any CPU.ActiveCfg = Debug|Any CPU
		{AC53249A-DADE-4887-98FC-CF7027F1947B}.Debug|Any CPU.Build.0 = Debug|Any CPU
		{AC53249A-DADE-4887-98FC-CF7027F1947B}.Release|Any CPU.ActiveCfg = Release|Any CPU
		{AC53249A-DADE-4887-98FC-CF7027F1947B}.Release|Any CPU.Build.0 = Release|Any CPU
	EndGlobalSection
	GlobalSection(SolutionProperties) = preSolution
		HideSolutionNode = FALSE
	EndGlobalSection
	GlobalSection(ExtensibilityGlobals) = postSolution
		SolutionGuid = {F8AA370E-510E-4FC6-A1EB-7F40B32B4B6E}
	EndGlobalSection
EndGlobal
