
Microsoft Visual Studio Solution File, Format Version 12.00
# Visual Studio Version 17
VisualStudioVersion = 17.6.33723.286
MinimumVisualStudioVersion = 10.0.40219.1
Project("{9A19103F-16F7-4668-BE54-9A1E7A4F7556}") = "Codigo1", "Codigo1.csproj", "{19DCD38F-FE0F-45B5-B5ED-E8A9DB23BC7F}"
EndProject
Global
	GlobalSection(SolutionConfigurationPlatforms) = preSolution
		Debug|Any CPU = Debug|Any CPU
		Release|Any CPU = Release|Any CPU
	EndGlobalSection
	GlobalSection(ProjectConfigurationPlatforms) = postSolution
		{19DCD38F-FE0F-45B5-B5ED-E8A9DB23BC7F}.Debug|Any CPU.ActiveCfg = Debug|Any CPU
		{19DCD38F-FE0F-45B5-B5ED-E8A9DB23BC7F}.Debug|Any CPU.Build.0 = Debug|Any CPU
		{19DCD38F-FE0F-45B5-B5ED-E8A9DB23BC7F}.Release|Any CPU.ActiveCfg = Release|Any CPU
		{19DCD38F-FE0F-45B5-B5ED-E8A9DB23BC7F}.Release|Any CPU.Build.0 = Release|Any CPU
	EndGlobalSection
	GlobalSection(SolutionProperties) = preSolution
		HideSolutionNode = FALSE
	EndGlobalSection
	GlobalSection(ExtensibilityGlobals) = postSolution
		SolutionGuid = {16A471D7-BE28-4091-89ED-E2C171690D4C}
	EndGlobalSection
EndGlobal
