
Microsoft Visual Studio Solution File, Format Version 12.00
# Visual Studio Version 17
VisualStudioVersion = 17.6.33801.468
MinimumVisualStudioVersion = 10.0.40219.1
Project("{FAE04EC0-301F-11D3-BF4B-00C04F79EFBC}") = "juego", "juego.csproj", "{A66FDB1D-BDFF-42DD-804B-1B7957F76D94}"
EndProject
Global
	GlobalSection(SolutionConfigurationPlatforms) = preSolution
		Debug|Any CPU = Debug|Any CPU
		Release|Any CPU = Release|Any CPU
	EndGlobalSection
	GlobalSection(ProjectConfigurationPlatforms) = postSolution
		{A66FDB1D-BDFF-42DD-804B-1B7957F76D94}.Debug|Any CPU.ActiveCfg = Debug|Any CPU
		{A66FDB1D-BDFF-42DD-804B-1B7957F76D94}.Debug|Any CPU.Build.0 = Debug|Any CPU
		{A66FDB1D-BDFF-42DD-804B-1B7957F76D94}.Release|Any CPU.ActiveCfg = Release|Any CPU
		{A66FDB1D-BDFF-42DD-804B-1B7957F76D94}.Release|Any CPU.Build.0 = Release|Any CPU
	EndGlobalSection
	GlobalSection(SolutionProperties) = preSolution
		HideSolutionNode = FALSE
	EndGlobalSection
	GlobalSection(ExtensibilityGlobals) = postSolution
		SolutionGuid = {9B66E8E4-DB9B-40DD-A5DC-9AF2D0B64866}
	EndGlobalSection
EndGlobal
