
Microsoft Visual Studio Solution File, Format Version 12.00
# Visual Studio Version 17
VisualStudioVersion = 17.6.33801.468
MinimumVisualStudioVersion = 10.0.40219.1
Project("{FAE04EC0-301F-11D3-BF4B-00C04F79EFBC}") = "Condicional Switch", "Condicional Switch.csproj", "{FC843EF1-AA5A-498D-8A3F-9898D5806D32}"
EndProject
Global
	GlobalSection(SolutionConfigurationPlatforms) = preSolution
		Debug|Any CPU = Debug|Any CPU
		Release|Any CPU = Release|Any CPU
	EndGlobalSection
	GlobalSection(ProjectConfigurationPlatforms) = postSolution
		{FC843EF1-AA5A-498D-8A3F-9898D5806D32}.Debug|Any CPU.ActiveCfg = Debug|Any CPU
		{FC843EF1-AA5A-498D-8A3F-9898D5806D32}.Debug|Any CPU.Build.0 = Debug|Any CPU
		{FC843EF1-AA5A-498D-8A3F-9898D5806D32}.Release|Any CPU.ActiveCfg = Release|Any CPU
		{FC843EF1-AA5A-498D-8A3F-9898D5806D32}.Release|Any CPU.Build.0 = Release|Any CPU
	EndGlobalSection
	GlobalSection(SolutionProperties) = preSolution
		HideSolutionNode = FALSE
	EndGlobalSection
	GlobalSection(ExtensibilityGlobals) = postSolution
		SolutionGuid = {3DAB4055-0A45-4DE6-BBD8-0A0427FD95FC}
	EndGlobalSection
EndGlobal
